{
  "R": {
    "Version": "4.4.1",
    "Repositories": [
      {
        "Name": "CRAN",
        "URL": "https://cran.rstudio.com"
      }
    ]
  },
  "Packages": {
    "DBI": {
      "Package": "DBI",
      "Version": "1.2.3",
      "Source": "Repository",
      "Repository": "RSPM",
      "Hash": "065ae649b05f1ff66bb0c793107508f5",
      "Requirements": []
    },
    "DEoptimR": {
      "Package": "DEoptimR",
      "Version": "1.1-3",
      "Source": "Repository",
      "Repository": "CRAN",
      "Hash": "72f87e0092e39384aee16df8d67d7410",
      "Requirements": []
    },
    "KernSmooth": {
      "Package": "KernSmooth",
      "Version": "2.23-24",
      "Source": "Repository",
      "Repository": "CRAN",
      "Hash": "9f33a1ee37bbe8919eb2ec4b9f2473a5",
      "Requirements": []
    },
    "MASS": {
      "Package": "MASS",
      "Version": "7.3-60.0.1",
      "Source": "Repository",
      "Repository": "CRAN",
      "Hash": "b765b28387acc8ec9e9c1530713cb19c",
      "Requirements": []
    },
    "R6": {
      "Package": "R6",
      "Version": "2.5.1",
      "Source": "Repository",
      "Repository": "RSPM",
      "Hash": "470851b6d5d0ac559e9d01bb352b4021",
      "Requirements": []
    },
    "Rcpp": {
      "Package": "Rcpp",
      "Version": "1.0.12",
      "Source": "Repository",
      "Repository": "RSPM",
      "Hash": "5ea2700d21e038ace58269ecdbeb9ec0",
      "Requirements": []
    },
    "RcppArmadillo": {
      "Package": "RcppArmadillo",
      "Version": "0.12.8.4.0",
      "Source": "Repository",
      "Repository": "CRAN",
      "Hash": "a535dd90aa8ec9a2e63a8f79b4a1bf43",
      "Requirements": [
        "Rcpp"
      ]
    },
    "base64enc": {
      "Package": "base64enc",
      "Version": "0.1-3",
      "Source": "Repository",
      "Repository": "RSPM",
      "Hash": "543776ae6848fde2f48ff3816d0628bc",
      "Requirements": []
    },
    "bayesm": {
      "Package": "bayesm",
      "Version": "3.1-6",
      "Source": "Repository",
      "Repository": "CRAN",
      "Hash": "6377d4336f5c291b8a89d75fb8074828",
      "Requirements": [
        "Rcpp",
        "RcppArmadillo"
      ]
    },
    "boot": {
      "Package": "boot",
      "Version": "1.3-30",
      "Source": "Repository",
      "Repository": "CRAN",
      "Hash": "96abeed416a286d4a0f52e550b612343",
      "Requirements": []
    },
    "bslib": {
      "Package": "bslib",
      "Version": "0.7.0",
      "Source": "Repository",
      "Repository": "RSPM",
      "Hash": "8644cc53f43828f19133548195d7e59e",
      "Requirements": [
        "base64enc",
        "cachem",
        "fastmap",
        "htmltools",
        "jquerylib",
        "jsonlite",
        "lifecycle",
        "memoise",
        "mime",
        "rlang",
        "sass"
      ]
    },
    "cachem": {
      "Package": "cachem",
      "Version": "1.1.0",
      "Source": "Repository",
      "Repository": "RSPM",
      "Hash": "cd9a672193789068eb5a2aad65a0dedf",
      "Requirements": [
        "fastmap",
        "rlang"
      ]
    },
    "class": {
      "Package": "class",
      "Version": "7.3-22",
      "Source": "Repository",
      "Repository": "CRAN",
      "Hash": "f91f6b29f38b8c280f2b9477787d4bb2",
      "Requirements": [
        "MASS"
      ]
    },
    "classInt": {
      "Package": "classInt",
      "Version": "0.4-10",
      "Source": "Repository",
      "Repository": "RSPM",
      "Hash": "f5a40793b1ae463a7ffb3902a95bf864",
      "Requirements": [
        "KernSmooth",
        "class",
        "e1071"
      ]
    },
    "cli": {
      "Package": "cli",
      "Version": "3.6.3",
      "Source": "Repository",
      "Repository": "CRAN",
      "Hash": "b21916dd77a27642b447374a5d30ecf3",
      "Requirements": []
    },
    "compositions": {
      "Package": "compositions",
      "Version": "2.0-8",
      "Source": "Repository",
      "Repository": "CRAN",
      "Hash": "3b211bb5b96b6920a112ba26260dbe16",
      "Requirements": [
        "MASS",
        "bayesm",
        "robustbase",
        "tensorA"
      ]
    },
    "deldir": {
      "Package": "deldir",
      "Version": "2.0-4",
      "Source": "Repository",
      "Repository": "RSPM",
      "Hash": "24754fce82729ff85317dd195b6646a8",
      "Requirements": []
    },
    "digest": {
      "Package": "digest",
      "Version": "0.6.36",
      "Source": "Repository",
      "Repository": "CRAN",
      "Hash": "fd6824ad91ede64151e93af67df6376b",
      "Requirements": []
    },
    "dplyr": {
      "Package": "dplyr",
      "Version": "1.1.4",
      "Source": "Repository",
      "Repository": "RSPM",
      "Hash": "fedd9d00c2944ff00a0e2696ccf048ec",
      "Requirements": [
        "R6",
        "cli",
        "generics",
        "glue",
        "lifecycle",
        "magrittr",
        "pillar",
        "rlang",
        "tibble",
        "tidyselect",
        "vctrs"
      ]
    },
    "e1071": {
      "Package": "e1071",
      "Version": "1.7-14",
      "Source": "Repository",
      "Repository": "RSPM",
      "Hash": "4ef372b716824753719a8a38b258442d",
      "Requirements": [
        "class",
        "proxy"
      ]
    },
    "evaluate": {
      "Package": "evaluate",
      "Version": "0.24.0",
      "Source": "Repository",
      "Repository": "RSPM",
      "Hash": "a1066cbc05caee9a4bf6d90f194ff4da",
      "Requirements": []
    },
    "fansi": {
      "Package": "fansi",
      "Version": "1.0.6",
      "Source": "Repository",
      "Repository": "RSPM",
      "Hash": "962174cf2aeb5b9eea581522286a911f",
      "Requirements": []
    },
    "fastmap": {
      "Package": "fastmap",
      "Version": "1.2.0",
      "Source": "Repository",
      "Repository": "RSPM",
      "Hash": "aa5e1cd11c2d15497494c5292d7ffcc8",
      "Requirements": []
    },
    "fontawesome": {
      "Package": "fontawesome",
      "Version": "0.5.2",
      "Source": "Repository",
      "Repository": "RSPM",
      "Hash": "c2efdd5f0bcd1ea861c2d4e2a883a67d",
      "Requirements": [
        "htmltools",
        "rlang"
      ]
    },
    "fs": {
      "Package": "fs",
      "Version": "1.6.4",
      "Source": "Repository",
      "Repository": "RSPM",
      "Hash": "15aeb8c27f5ea5161f9f6a641fafd93a",
      "Requirements": []
    },
    "generics": {
      "Package": "generics",
      "Version": "0.1.3",
      "Source": "Repository",
      "Repository": "RSPM",
      "Hash": "15e9634c0fcd294799e9b2e929ed1b86",
      "Requirements": []
    },
    "glue": {
      "Package": "glue",
      "Version": "1.7.0",
      "Source": "Repository",
      "Repository": "RSPM",
      "Hash": "e0b3a53876554bd45879e596cdb10a52",
      "Requirements": []
    },
    "highr": {
      "Package": "highr",
      "Version": "0.11",
      "Source": "Repository",
      "Repository": "RSPM",
      "Hash": "d65ba49117ca223614f71b60d85b8ab7",
      "Requirements": [
        "xfun"
      ]
    },
    "htmltools": {
      "Package": "htmltools",
      "Version": "0.5.8.1",
      "Source": "Repository",
      "Repository": "RSPM",
      "Hash": "81d371a9cc60640e74e4ab6ac46dcedc",
      "Requirements": [
        "base64enc",
        "digest",
        "fastmap",
        "rlang"
      ]
    },
    "jquerylib": {
      "Package": "jquerylib",
      "Version": "0.1.4",
      "Source": "Repository",
      "Repository": "RSPM",
      "Hash": "5aab57a3bd297eee1c1d862735972182",
      "Requirements": [
        "htmltools"
      ]
    },
    "jsonlite": {
      "Package": "jsonlite",
      "Version": "1.8.8",
      "Source": "Repository",
      "Repository": "RSPM",
      "Hash": "e1b9c55281c5adc4dd113652d9e26768",
      "Requirements": []
    },
    "knitr": {
      "Package": "knitr",
      "Version": "1.47",
      "Source": "Repository",
      "Repository": "RSPM",
      "Hash": "7c99b2d55584b982717fcc0950378612",
      "Requirements": [
        "evaluate",
        "highr",
        "xfun",
        "yaml"
      ]
    },
    "lattice": {
      "Package": "lattice",
      "Version": "0.22-5",
      "Source": "Repository",
      "Repository": "CRAN",
      "Hash": "7c5e89f04e72d6611c77451f6331a091",
      "Requirements": []
    },
    "lifecycle": {
      "Package": "lifecycle",
      "Version": "1.0.4",
      "Source": "Repository",
      "Repository": "RSPM",
      "Hash": "b8552d117e1b808b09a832f589b79035",
      "Requirements": [
        "cli",
        "glue",
        "rlang"
      ]
    },
    "magrittr": {
      "Package": "magrittr",
      "Version": "2.0.3",
      "Source": "Repository",
      "Repository": "RSPM",
      "Hash": "7ce2733a9826b3aeb1775d56fd305472",
      "Requirements": []
    },
    "memoise": {
      "Package": "memoise",
      "Version": "2.0.1",
      "Source": "Repository",
      "Repository": "RSPM",
      "Hash": "e2817ccf4a065c5d9d7f2cfbe7c1d78c",
      "Requirements": [
        "cachem",
        "rlang"
      ]
    },
    "mime": {
      "Package": "mime",
      "Version": "0.12",
      "Source": "Repository",
      "Repository": "RSPM",
      "Hash": "18e9c28c1d3ca1560ce30658b22ce104",
      "Requirements": []
    },
    "pillar": {
      "Package": "pillar",
      "Version": "1.9.0",
      "Source": "Repository",
      "Repository": "RSPM",
      "Hash": "15da5a8412f317beeee6175fbc76f4bb",
      "Requirements": [
        "cli",
        "fansi",
        "glue",
        "lifecycle",
        "rlang",
        "utf8",
        "vctrs"
      ]
    },
    "pkgconfig": {
      "Package": "pkgconfig",
      "Version": "2.0.3",
      "Source": "Repository",
      "Repository": "RSPM",
      "Hash": "01f28d4278f15c76cddbea05899c5d6f",
      "Requirements": []
    },
    "proxy": {
      "Package": "proxy",
      "Version": "0.4-27",
      "Source": "Repository",
      "Repository": "RSPM",
      "Hash": "e0ef355c12942cf7a6b91a6cfaea8b3e",
      "Requirements": []
    },
    "rappdirs": {
      "Package": "rappdirs",
      "Version": "0.3.3",
      "Source": "Repository",
      "Repository": "RSPM",
      "Hash": "5e3c5dc0b071b21fa128676560dbe94d",
      "Requirements": []
    },
    "renv": {
      "Package": "renv",
      "Version": "0.16.0",
      "Source": "Repository",
      "Repository": "CRAN",
      "Hash": "c9e8442ab69bc21c9697ecf856c1e6c7",
      "Requirements": []
    },
    "rlang": {
      "Package": "rlang",
      "Version": "1.1.4",
      "Source": "Repository",
      "Repository": "RSPM",
      "Hash": "3eec01f8b1dee337674b2e34ab1f9bc1",
      "Requirements": []
    },
    "rmarkdown": {
      "Package": "rmarkdown",
      "Version": "2.27",
      "Source": "Repository",
      "Repository": "RSPM",
      "Hash": "27f9502e1cdbfa195f94e03b0f517484",
      "Requirements": [
        "bslib",
        "evaluate",
        "fontawesome",
        "htmltools",
        "jquerylib",
        "jsonlite",
        "knitr",
        "tinytex",
        "xfun",
        "yaml"
      ]
    },
    "robustbase": {
      "Package": "robustbase",
      "Version": "0.99-3",
      "Source": "Repository",
      "Repository": "CRAN",
      "Hash": "4c409c38f09a25b228670a103e584db1",
      "Requirements": [
        "DEoptimR"
      ]
    },
    "s2": {
      "Package": "s2",
      "Version": "1.1.6",
      "Source": "Repository",
      "Repository": "RSPM",
      "Hash": "32f7b1a15bb01ae809022960abad5363",
      "Requirements": [
        "Rcpp",
        "wk"
      ]
    },
    "sass": {
      "Package": "sass",
      "Version": "0.4.9",
      "Source": "Repository",
      "Repository": "RSPM",
      "Hash": "d53dbfddf695303ea4ad66f86e99b95d",
      "Requirements": [
        "R6",
        "fs",
        "htmltools",
        "rappdirs",
        "rlang"
      ]
    },
    "sf": {
      "Package": "sf",
      "Version": "1.0-16",
      "Source": "Repository",
      "Repository": "RSPM",
      "Hash": "ad57b543f7c3fca05213ba78ff63df9b",
      "Requirements": [
        "DBI",
        "Rcpp",
        "classInt",
        "magrittr",
        "s2",
        "units"
      ]
    },
    "sp": {
      "Package": "sp",
      "Version": "2.1-4",
      "Source": "Repository",
      "Repository": "RSPM",
      "Hash": "75940133cca2e339afce15a586f85b11",
      "Requirements": [
        "lattice"
      ]
    },
    "spData": {
      "Package": "spData",
      "Version": "2.3.1",
      "Source": "Repository",
      "Repository": "RSPM",
      "Hash": "af4612131699a5b8a0fe36a9ebbcc13b",
      "Requirements": [
        "sp"
      ]
    },
    "spdep": {
      "Package": "spdep",
      "Version": "1.3-5",
      "Source": "Repository",
      "Repository": "RSPM",
      "Hash": "20433c4ddbf9c509264166d325326703",
      "Requirements": [
        "boot",
        "deldir",
        "e1071",
        "s2",
        "sf",
        "sp",
        "spData",
        "units"
      ]
    },
    "tensorA": {
      "Package": "tensorA",
      "Version": "0.36.2.1",
      "Source": "Repository",
      "Repository": "CRAN",
      "Hash": "0d587599172f2ffda2c09cb6b854e0e5",
      "Requirements": []
    },
    "tibble": {
      "Package": "tibble",
      "Version": "3.2.1",
      "Source": "Repository",
      "Repository": "RSPM",
      "Hash": "a84e2cc86d07289b3b6f5069df7a004c",
      "Requirements": [
        "fansi",
        "lifecycle",
        "magrittr",
        "pillar",
        "pkgconfig",
        "rlang",
        "vctrs"
      ]
    },
    "tidyselect": {
      "Package": "tidyselect",
      "Version": "1.2.1",
      "Source": "Repository",
      "Repository": "RSPM",
      "Hash": "829f27b9c4919c16b593794a6344d6c0",
      "Requirements": [
        "cli",
        "glue",
        "lifecycle",
        "rlang",
        "vctrs",
        "withr"
      ]
    },
    "tinytex": {
      "Package": "tinytex",
      "Version": "0.51",
      "Source": "Repository",
      "Repository": "RSPM",
      "Hash": "d44e2fcd2e4e076f0aac540208559d1d",
      "Requirements": [
        "xfun"
      ]
    },
    "units": {
      "Package": "units",
      "Version": "0.8-5",
      "Source": "Repository",
      "Repository": "RSPM",
      "Hash": "119d19da480e873f72241ff6962ffd83",
      "Requirements": [
        "Rcpp"
      ]
    },
    "utf8": {
      "Package": "utf8",
      "Version": "1.2.4",
      "Source": "Repository",
      "Repository": "RSPM",
      "Hash": "62b65c52671e6665f803ff02954446e9",
      "Requirements": []
    },
    "vctrs": {
      "Package": "vctrs",
      "Version": "0.6.5",
      "Source": "Repository",
      "Repository": "RSPM",
      "Hash": "c03fa420630029418f7e6da3667aac4a",
      "Requirements": [
        "cli",
        "glue",
        "lifecycle",
        "rlang"
      ]
    },
    "withr": {
      "Package": "withr",
      "Version": "3.0.0",
      "Source": "Repository",
      "Repository": "RSPM",
      "Hash": "d31b6c62c10dcf11ec530ca6b0dd5d35",
      "Requirements": []
    },
    "wk": {
      "Package": "wk",
      "Version": "0.9.1",
      "Source": "Repository",
      "Repository": "RSPM",
      "Hash": "5d4545e140e36476f35f20d0ca87963e",
      "Requirements": []
    },
    "xfun": {
      "Package": "xfun",
      "Version": "0.45",
      "Source": "Repository",
      "Repository": "CRAN",
      "Hash": "ca59c87fe305b16a9141a5874c3a7889",
      "Requirements": []
    },
    "yaml": {
      "Package": "yaml",
      "Version": "2.3.8",
      "Source": "Repository",
      "Repository": "RSPM",
      "Hash": "29240487a071f535f5e5d5a323b7afbd",
      "Requirements": []
    }
  }
}
